# This file is automatically @generated by Cargo.
# It is not intended for manual editing.
[[package]]
name = "aho-corasick"
version = "0.6.8"
source = "registry+https://github.com/rust-lang/crates.io-index"
checksum = "68f56c7353e5a9547cbd76ed90f7bb5ffc3ba09d4ea9bd1d8c06c8b1142eeb5a"
dependencies = [
 "memchr",
]

[[package]]
name = "ansi_term"
version = "0.11.0"
source = "registry+https://github.com/rust-lang/crates.io-index"
checksum = "ee49baf6cb617b853aa8d93bf420db2383fab46d314482ca2803b40d5fde979b"
dependencies = [
 "winapi",
]

[[package]]
name = "arrayref"
version = "0.3.5"
source = "registry+https://github.com/rust-lang/crates.io-index"
checksum = "0d382e583f07208808f6b1249e60848879ba3543f57c32277bf52d69c2f0f0ee"

[[package]]
name = "atty"
version = "0.2.11"
source = "registry+https://github.com/rust-lang/crates.io-index"
checksum = "9a7d5b8723950951411ee34d271d99dddcc2035a16ab25310ea2c8cfd4369652"
dependencies = [
 "libc",
 "termion",
 "winapi",
]

[[package]]
name = "bincode"
version = "1.0.1"
source = "registry+https://github.com/rust-lang/crates.io-index"
checksum = "9f2fb9e29e72fd6bc12071533d5dc7664cb01480c59406f656d7ac25c7bd8ff7"
dependencies = [
 "byteorder 1.2.6",
 "serde",
]

[[package]]
name = "bitflags"
version = "1.0.4"
source = "registry+https://github.com/rust-lang/crates.io-index"
checksum = "228047a76f468627ca71776ecdebd732a3423081fcf5125585bcd7c49886ce12"

[[package]]
name = "block-buffer"
version = "0.3.3"
source = "registry+https://github.com/rust-lang/crates.io-index"
checksum = "a076c298b9ecdb530ed9d967e74a6027d6a7478924520acddcddc24c1c8ab3ab"
dependencies = [
 "arrayref",
 "byte-tools",
]

[[package]]
name = "byte-tools"
version = "0.2.0"
source = "registry+https://github.com/rust-lang/crates.io-index"
checksum = "560c32574a12a89ecd91f5e742165893f86e3ab98d21f8ea548658eb9eef5f40"

[[package]]
name = "byteorder"
version = "0.5.3"
source = "registry+https://github.com/rust-lang/crates.io-index"
checksum = "0fc10e8cc6b2580fda3f36eb6dc5316657f812a3df879a44a66fc9f0fdbc4855"

[[package]]
name = "byteorder"
version = "1.2.6"
source = "registry+https://github.com/rust-lang/crates.io-index"
checksum = "90492c5858dd7d2e78691cfb89f90d273a2800fc11d98f60786e5d87e2f83781"

[[package]]
name = "bytes"
version = "0.5.3"
source = "registry+https://github.com/rust-lang/crates.io-index"
checksum = "10004c15deb332055f7a4a208190aed362cf9a7c2f6ab70a305fba50e1105f38"

[[package]]
name = "cc"
version = "1.0.25"
source = "registry+https://github.com/rust-lang/crates.io-index"
checksum = "f159dfd43363c4d08055a07703eb7a3406b0dac4d0584d96965a3262db3c9d16"

[[package]]
name = "cfg-if"
version = "0.1.6"
source = "registry+https://github.com/rust-lang/crates.io-index"
checksum = "082bb9b28e00d3c9d39cc03e64ce4cea0f1bb9b3fde493f0cbc008472d22bdf4"

[[package]]
name = "clap"
version = "2.32.0"
source = "registry+https://github.com/rust-lang/crates.io-index"
checksum = "b957d88f4b6a63b9d70d5f454ac8011819c6efa7727858f458ab71c756ce2d3e"
dependencies = [
 "ansi_term",
 "atty",
 "bitflags",
 "strsim",
 "textwrap",
 "unicode-width",
 "vec_map",
]

[[package]]
name = "digest"
version = "0.7.6"
source = "registry+https://github.com/rust-lang/crates.io-index"
checksum = "03b072242a8cbaf9c145665af9d250c59af3b958f83ed6824e13533cf76d5b90"
dependencies = [
 "generic-array",
]

[[package]]
name = "env_logger"
version = "0.5.13"
source = "registry+https://github.com/rust-lang/crates.io-index"
checksum = "15b0a4d2e39f8420210be8b27eeda28029729e2fd4291019455016c348240c38"
dependencies = [
 "atty",
 "humantime",
 "log",
 "regex",
 "termcolor",
]

[[package]]
name = "fake-simd"
version = "0.1.2"
source = "registry+https://github.com/rust-lang/crates.io-index"
checksum = "e88a8acf291dafb59c2d96e8f59828f3838bb1a70398823ade51a84de6a6deed"

[[package]]
name = "fuchsia-zircon"
version = "0.3.3"
source = "registry+https://github.com/rust-lang/crates.io-index"
checksum = "2e9763c69ebaae630ba35f74888db465e49e259ba1bc0eda7d06f4a067615d82"
dependencies = [
 "bitflags",
 "fuchsia-zircon-sys",
]

[[package]]
name = "fuchsia-zircon-sys"
version = "0.3.3"
source = "registry+https://github.com/rust-lang/crates.io-index"
checksum = "3dcaa9ae7725d12cdb85b3ad99a434db70b468c09ded17e012d86b5c1010f7a7"

[[package]]
name = "futures"
version = "0.3.1"
source = "registry+https://github.com/rust-lang/crates.io-index"
checksum = "b6f16056ecbb57525ff698bb955162d0cd03bee84e6241c27ff75c08d8ca5987"
dependencies = [
 "futures-channel",
 "futures-core",
 "futures-executor",
 "futures-io",
 "futures-sink",
 "futures-task",
 "futures-util",
]

[[package]]
name = "futures-channel"
version = "0.3.1"
source = "registry+https://github.com/rust-lang/crates.io-index"
checksum = "fcae98ca17d102fd8a3603727b9259fcf7fa4239b603d2142926189bc8999b86"
dependencies = [
 "futures-core",
 "futures-sink",
]

[[package]]
name = "futures-core"
version = "0.3.1"
source = "registry+https://github.com/rust-lang/crates.io-index"
checksum = "79564c427afefab1dfb3298535b21eda083ef7935b4f0ecbfcb121f0aec10866"

[[package]]
name = "futures-executor"
version = "0.3.1"
source = "registry+https://github.com/rust-lang/crates.io-index"
checksum = "1e274736563f686a837a0568b478bdabfeaec2dca794b5649b04e2fe1627c231"
dependencies = [
 "futures-core",
 "futures-task",
 "futures-util",
]

[[package]]
name = "futures-io"
version = "0.3.1"
source = "registry+https://github.com/rust-lang/crates.io-index"
checksum = "e676577d229e70952ab25f3945795ba5b16d63ca794ca9d2c860e5595d20b5ff"

[[package]]
name = "futures-macro"
version = "0.3.1"
source = "registry+https://github.com/rust-lang/crates.io-index"
checksum = "52e7c56c15537adb4f76d0b7a76ad131cb4d2f4f32d3b0bcabcbe1c7c5e87764"
dependencies = [
 "proc-macro-hack",
 "proc-macro2 1.0.6",
 "quote 1.0.2",
 "syn 1.0.11",
]

[[package]]
name = "futures-sink"
version = "0.3.1"
source = "registry+https://github.com/rust-lang/crates.io-index"
checksum = "171be33efae63c2d59e6dbba34186fe0d6394fb378069a76dfd80fdcffd43c16"

[[package]]
name = "futures-task"
version = "0.3.1"
source = "registry+https://github.com/rust-lang/crates.io-index"
checksum = "0bae52d6b29cf440e298856fec3965ee6fa71b06aa7495178615953fd669e5f9"

[[package]]
name = "futures-util"
version = "0.3.1"
source = "registry+https://github.com/rust-lang/crates.io-index"
checksum = "c0d66274fb76985d3c62c886d1da7ac4c0903a8c9f754e8fe0f35a6a6cc39e76"
dependencies = [
 "futures-channel",
 "futures-core",
 "futures-io",
 "futures-macro",
 "futures-sink",
 "futures-task",
 "memchr",
 "pin-utils",
 "proc-macro-hack",
 "proc-macro-nested",
 "slab",
]

[[package]]
name = "generic-array"
version = "0.9.0"
source = "registry+https://github.com/rust-lang/crates.io-index"
checksum = "ef25c5683767570c2bbd7deba372926a55eaae9982d7726ee2a1050239d45b9d"
dependencies = [
 "typenum",
]

[[package]]
name = "hashgraph"
version = "0.1.0"
dependencies = [
 "bincode",
 "clap",
 "env_logger",
 "lazy_static",
 "log",
 "logger",
 "rand 0.3.22",
 "ring",
 "rsrpc",
 "scopeguard",
 "serde",
 "serde_bytes",
 "serde_derive",
 "untrusted",
]

[[package]]
name = "hex"
version = "0.3.2"
source = "registry+https://github.com/rust-lang/crates.io-index"
checksum = "805026a5d0141ffc30abb3be3173848ad46a1b1664fe632428479619a3644d77"

[[package]]
name = "humantime"
version = "1.1.1"
source = "registry+https://github.com/rust-lang/crates.io-index"
checksum = "0484fda3e7007f2a4a0d9c3a703ca38c71c54c55602ce4660c419fd32e188c9e"
dependencies = [
 "quick-error",
]

[[package]]
name = "lazy_static"
version = "1.1.0"
source = "registry+https://github.com/rust-lang/crates.io-index"
checksum = "ca488b89a5657b0a2ecd45b95609b3e848cf1755da332a0da46e2b2b1cb371a7"
dependencies = [
 "version_check",
]

[[package]]
name = "libc"
version = "0.2.43"
source = "registry+https://github.com/rust-lang/crates.io-index"
checksum = "76e3a3ef172f1a0b9a9ff0dd1491ae5e6c948b94479a3021819ba7d860c8645d"

[[package]]
name = "log"
version = "0.4.5"
source = "registry+https://github.com/rust-lang/crates.io-index"
checksum = "d4fcce5fa49cc693c312001daf1d13411c4a5283796bac1084299ea3e567113f"
dependencies = [
 "cfg-if",
]

[[package]]
name = "logger"
version = "0.1.0"
source = "git+https://github.com/Champii/custom-logger#29212f65bba489e61aa0c8a9ba0be8e80951d342"
dependencies = [
 "env_logger",
 "log",
]

[[package]]
name = "memchr"
version = "2.2.1"
source = "registry+https://github.com/rust-lang/crates.io-index"
checksum = "88579771288728879b57485cc7d6b07d648c9f0141eb955f8ab7f9d45394468e"

[[package]]
name = "onet"
version = "0.1.0"
dependencies = [
 "bincode",
 "byteorder 0.5.3",
 "clap",
 "env_logger",
 "hashgraph",
 "hex",
 "lazy_static",
 "log",
 "logger",
 "rand 0.3.22",
 "rsrpc",
 "serde",
 "serde_bytes",
 "serde_derive",
 "sha2",
 "xor",
]

[[package]]
name = "pin-project-lite"
version = "0.1.1"
source = "registry+https://github.com/rust-lang/crates.io-index"
checksum = "f0af6cbca0e6e3ce8692ee19fb8d734b641899e07b68eb73e9bbbd32f1703991"

[[package]]
name = "pin-utils"
version = "0.1.0-alpha.4"
source = "registry+https://github.com/rust-lang/crates.io-index"
checksum = "5894c618ce612a3fa23881b152b608bafb8c56cfc22f434a3ba3120b40f7b587"

[[package]]
name = "proc-macro-hack"
version = "0.5.11"
source = "registry+https://github.com/rust-lang/crates.io-index"
checksum = "ecd45702f76d6d3c75a80564378ae228a85f0b59d2f3ed43c91b4a69eb2ebfc5"
dependencies = [
 "proc-macro2 1.0.6",
 "quote 1.0.2",
 "syn 1.0.11",
]

[[package]]
name = "proc-macro-nested"
version = "0.1.3"
source = "registry+https://github.com/rust-lang/crates.io-index"
checksum = "369a6ed065f249a159e06c45752c780bda2fb53c995718f9e484d08daa9eb42e"

[[package]]
name = "proc-macro2"
version = "0.4.20"
source = "registry+https://github.com/rust-lang/crates.io-index"
checksum = "3d7b7eaaa90b4a90a932a9ea6666c95a389e424eff347f0f793979289429feee"
dependencies = [
 "unicode-xid 0.1.0",
]

[[package]]
name = "proc-macro2"
version = "1.0.6"
source = "registry+https://github.com/rust-lang/crates.io-index"
checksum = "9c9e470a8dc4aeae2dee2f335e8f533e2d4b347e1434e5671afc49b054592f27"
dependencies = [
 "unicode-xid 0.2.0",
]

[[package]]
name = "quick-error"
version = "1.2.2"
source = "registry+https://github.com/rust-lang/crates.io-index"
checksum = "9274b940887ce9addde99c4eee6b5c44cc494b182b97e73dc8ffdcb3397fd3f0"

[[package]]
name = "quote"
version = "0.6.8"
source = "registry+https://github.com/rust-lang/crates.io-index"
checksum = "dd636425967c33af890042c483632d33fa7a18f19ad1d7ea72e8998c6ef8dea5"
dependencies = [
 "proc-macro2 0.4.20",
]

[[package]]
name = "quote"
version = "1.0.2"
source = "registry+https://github.com/rust-lang/crates.io-index"
checksum = "053a8c8bcc71fcce321828dc897a98ab9760bef03a4fc36693c231e5b3216cfe"
dependencies = [
 "proc-macro2 1.0.6",
]

[[package]]
name = "rand"
version = "0.3.22"
source = "registry+https://github.com/rust-lang/crates.io-index"
checksum = "15a732abf9d20f0ad8eeb6f909bf6868722d9a06e1e50802b6a70351f40b4eb1"
dependencies = [
 "fuchsia-zircon",
 "libc",
 "rand 0.4.3",
]

[[package]]
name = "rand"
version = "0.4.3"
source = "registry+https://github.com/rust-lang/crates.io-index"
checksum = "8356f47b32624fef5b3301c1be97e5944ecdd595409cc5da11d05f211db6cfbd"
dependencies = [
 "fuchsia-zircon",
 "libc",
 "winapi",
]

[[package]]
name = "redox_syscall"
version = "0.1.40"
source = "registry+https://github.com/rust-lang/crates.io-index"
checksum = "c214e91d3ecf43e9a4e41e578973adeb14b474f2bee858742d127af75a0112b1"

[[package]]
name = "redox_termios"
version = "0.1.1"
source = "registry+https://github.com/rust-lang/crates.io-index"
checksum = "7e891cfe48e9100a70a3b6eb652fef28920c117d366339687bd5576160db0f76"
dependencies = [
 "redox_syscall",
]

[[package]]
name = "regex"
version = "1.0.5"
source = "registry+https://github.com/rust-lang/crates.io-index"
checksum = "2069749032ea3ec200ca51e4a31df41759190a88edca0d2d86ee8bedf7073341"
dependencies = [
 "aho-corasick",
 "memchr",
 "regex-syntax",
 "thread_local",
 "utf8-ranges",
]

[[package]]
name = "regex-syntax"
version = "0.6.2"
source = "registry+https://github.com/rust-lang/crates.io-index"
checksum = "747ba3b235651f6e2f67dfa8bcdcd073ddb7c243cb21c442fc12395dfcac212d"
dependencies = [
 "ucd-util",
]

[[package]]
name = "ring"
version = "0.13.2"
source = "registry+https://github.com/rust-lang/crates.io-index"
checksum = "dbe642b9dd1ba0038d78c4a3999d1ee56178b4d415c1e1fbaba83b06dce012f0"
dependencies = [
 "cc",
 "lazy_static",
 "libc",
 "untrusted",
]

[[package]]
name = "rsrpc"
version = "0.1.0"
dependencies = [
 "bincode",
 "byteorder 0.5.3",
 "futures",
 "hex",
 "lazy_static",
 "log",
 "pin-utils",
 "serde",
 "serde_bytes",
 "serde_derive",
 "sha2",
 "tokio",
]

[[package]]
name = "scopeguard"
version = "0.3.3"
source = "registry+https://github.com/rust-lang/crates.io-index"
checksum = "94258f53601af11e6a49f722422f6e3425c52b06245a5cf9bc09908b174f5e27"

[[package]]
name = "serde"
version = "1.0.80"
source = "registry+https://github.com/rust-lang/crates.io-index"
checksum = "15c141fc7027dd265a47c090bf864cf62b42c4d228bbcf4e51a0c9e2b0d3f7ef"

[[package]]
name = "serde_bytes"
version = "0.10.4"
source = "registry+https://github.com/rust-lang/crates.io-index"
checksum = "adb6e51a6b3696b301bc221d785f898b4457c619b51d7ce195a6d20baecb37b3"
dependencies = [
 "serde",
]

[[package]]
name = "serde_derive"
version = "1.0.80"
source = "registry+https://github.com/rust-lang/crates.io-index"
checksum = "225de307c6302bec3898c51ca302fc94a7a1697ef0845fcee6448f33c032249c"
dependencies = [
 "proc-macro2 0.4.20",
 "quote 0.6.8",
 "syn 0.15.13",
]

[[package]]
name = "sha2"
version = "0.7.1"
source = "registry+https://github.com/rust-lang/crates.io-index"
checksum = "9eb6be24e4c23a84d7184280d2722f7f2731fcdd4a9d886efbfe4413e4847ea0"
dependencies = [
 "block-buffer",
 "byte-tools",
 "digest",
 "fake-simd",
]

[[package]]
name = "slab"
version = "0.4.1"
source = "registry+https://github.com/rust-lang/crates.io-index"
checksum = "5f9776d6b986f77b35c6cf846c11ad986ff128fe0b2b63a3628e3755e8d3102d"

[[package]]
name = "strsim"
version = "0.7.0"
source = "registry+https://github.com/rust-lang/crates.io-index"
checksum = "bb4f380125926a99e52bc279241539c018323fab05ad6368b56f93d9369ff550"

[[package]]
name = "syn"
version = "0.15.13"
source = "registry+https://github.com/rust-lang/crates.io-index"
checksum = "7b4439ee8325b4e4b57e59309c3724c9a4478eaeb4eb094b6f3fac180a3b2876"
dependencies = [
 "proc-macro2 0.4.20",
 "quote 0.6.8",
 "unicode-xid 0.1.0",
]

[[package]]
name = "syn"
version = "1.0.11"
source = "registry+https://github.com/rust-lang/crates.io-index"
checksum = "dff0acdb207ae2fe6d5976617f887eb1e35a2ba52c13c7234c790960cdad9238"
dependencies = [
 "proc-macro2 1.0.6",
 "quote 1.0.2",
 "unicode-xid 0.2.0",
]

[[package]]
name = "termcolor"
version = "1.0.4"
source = "registry+https://github.com/rust-lang/crates.io-index"
checksum = "4096add70612622289f2fdcdbd5086dc81c1e2675e6ae58d6c4f62a16c6d7f2f"
dependencies = [
 "wincolor",
]

[[package]]
name = "termion"
version = "1.5.1"
source = "registry+https://github.com/rust-lang/crates.io-index"
checksum = "689a3bdfaab439fd92bc87df5c4c78417d3cbe537487274e9b0b2dce76e92096"
dependencies = [
 "libc",
 "redox_syscall",
 "redox_termios",
]

[[package]]
name = "textwrap"
version = "0.10.0"
source = "registry+https://github.com/rust-lang/crates.io-index"
checksum = "307686869c93e71f94da64286f9a9524c0f308a9e1c87a583de8e9c9039ad3f6"
dependencies = [
 "unicode-width",
]

[[package]]
name = "thread_local"
version = "0.3.6"
source = "registry+https://github.com/rust-lang/crates.io-index"
checksum = "c6b53e329000edc2b34dbe8545fd20e55a333362d0a321909685a19bd28c3f1b"
dependencies = [
 "lazy_static",
]

[[package]]
name = "tokio"
version = "0.2.5"
source = "registry+https://github.com/rust-lang/crates.io-index"
checksum = "13fb0a0dab58ae3db3832810b2aabb98dd42be27c04e7f7f1ae3a6ac78f858d1"
dependencies = [
 "bytes",
 "pin-project-lite",
]

[[package]]
name = "typenum"
version = "1.10.0"
source = "registry+https://github.com/rust-lang/crates.io-index"
checksum = "612d636f949607bdf9b123b4a6f6d966dedf3ff669f7f045890d3a4a73948169"

[[package]]
name = "ucd-util"
version = "0.1.1"
source = "registry+https://github.com/rust-lang/crates.io-index"
checksum = "fd2be2d6639d0f8fe6cdda291ad456e23629558d466e2789d2c3e9892bda285d"

[[package]]
name = "unicode-width"
version = "0.1.5"
source = "registry+https://github.com/rust-lang/crates.io-index"
checksum = "882386231c45df4700b275c7ff55b6f3698780a650026380e72dabe76fa46526"

[[package]]
name = "unicode-xid"
version = "0.1.0"
source = "registry+https://github.com/rust-lang/crates.io-index"
checksum = "fc72304796d0818e357ead4e000d19c9c174ab23dc11093ac919054d20a6a7fc"

[[package]]
name = "unicode-xid"
version = "0.2.0"
source = "registry+https://github.com/rust-lang/crates.io-index"
checksum = "826e7639553986605ec5979c7dd957c7895e93eabed50ab2ffa7f6128a75097c"

[[package]]
name = "untrusted"
version = "0.6.2"
source = "registry+https://github.com/rust-lang/crates.io-index"
checksum = "55cd1f4b4e96b46aeb8d4855db4a7a9bd96eeeb5c6a1ab54593328761642ce2f"

[[package]]
name = "utf8-ranges"
version = "1.0.1"
source = "registry+https://github.com/rust-lang/crates.io-index"
checksum = "fd70f467df6810094968e2fce0ee1bd0e87157aceb026a8c083bcf5e25b9efe4"

[[package]]
name = "vec_map"
version = "0.8.1"
source = "registry+https://github.com/rust-lang/crates.io-index"
checksum = "05c78687fb1a80548ae3250346c3db86a80a7cdd77bda190189f2d0a0987c81a"

[[package]]
name = "version_check"
version = "0.1.5"
source = "registry+https://github.com/rust-lang/crates.io-index"
checksum = "914b1a6776c4c929a602fafd8bc742e06365d4bcbe48c30f9cca5824f70dc9dd"

[[package]]
name = "winapi"
version = "0.3.6"
source = "registry+https://github.com/rust-lang/crates.io-index"
checksum = "92c1eb33641e276cfa214a0522acad57be5c56b10cb348b3c5117db75f3ac4b0"
dependencies = [
 "winapi-i686-pc-windows-gnu",
 "winapi-x86_64-pc-windows-gnu",
]

[[package]]
name = "winapi-i686-pc-windows-gnu"
version = "0.4.0"
source = "registry+https://github.com/rust-lang/crates.io-index"
checksum = "ac3b87c63620426dd9b991e5ce0329eff545bccbbb34f3be09ff6fb6ab51b7b6"

[[package]]
name = "winapi-util"
version = "0.1.1"
source = "registry+https://github.com/rust-lang/crates.io-index"
checksum = "afc5508759c5bf4285e61feb862b6083c8480aec864fa17a81fdec6f69b461ab"
dependencies = [
 "winapi",
]

[[package]]
name = "winapi-x86_64-pc-windows-gnu"
version = "0.4.0"
source = "registry+https://github.com/rust-lang/crates.io-index"
checksum = "712e227841d057c1ee1cd2fb22fa7e5a5461ae8e48fa2ca79ec42cfc1931183f"

[[package]]
name = "wincolor"
version = "1.0.1"
source = "registry+https://github.com/rust-lang/crates.io-index"
checksum = "561ed901ae465d6185fa7864d63fbd5720d0ef718366c9a4dc83cf6170d7e9ba"
dependencies = [
 "winapi",
 "winapi-util",
]

[[package]]
name = "xor"
version = "0.1.4"
source = "git+https://github.com/zummenix/xor-rs/#bef04cb4d8f563cd2d0b132b9dc4423edaf0183a"
